{
  "nodes": {
    "ai-robots-txt": {
      "flake": false,
      "locked": {
        "lastModified": 1746095346,
        "narHash": "sha256-s2hLupn4w64p0QS/rmLIcKQ+3UWMUO0sqP9dL1clqPI=",
        "owner": "ai-robots-txt",
        "repo": "ai.robots.txt",
        "rev": "678380727e8685af8c5311bcfa1f55c7aa866d3b",
        "type": "github"
      },
      "original": {
        "owner": "ai-robots-txt",
        "repo": "ai.robots.txt",
        "type": "github"
      }
    },
    "root": {
      "inputs": {
        "ai-robots-txt": "ai-robots-txt"
      }
    }
  },
  "root": "root",
  "version": 7
}
