{
  "nodes": {
    "ai-robots-txt": {
      "flake": false,
      "locked": {
        "lastModified": 1763154085,
        "narHash": "sha256-wKyu6O15Ff+rK9dYMEqM9M2Nv6FZC3q8PTbriNer0k4=",
        "owner": "ai-robots-txt",
        "repo": "ai.robots.txt",
        "rev": "e2726ac160467687f4d56943f36a639c6758ec38",
        "type": "github"
      },
      "original": {
        "owner": "ai-robots-txt",
        "repo": "ai.robots.txt",
        "type": "github"
      }
    },
    "root": {
      "inputs": {
        "ai-robots-txt": "ai-robots-txt"
      }
    }
  },
  "root": "root",
  "version": 7
}
