{
  "nodes": {
    "ai-robots-txt": {
      "flake": false,
      "locked": {
        "lastModified": 1780541329,
        "narHash": "sha256-CuROvakcn/6Ddc965Hibou8c/6lqlgFdEv7ONXzYOi0=",
        "owner": "ai-robots-txt",
        "repo": "ai.robots.txt",
        "rev": "f420408eee6c6a8c4eaf3536d6f9c926c9b01fa4",
        "type": "github"
      },
      "original": {
        "owner": "ai-robots-txt",
        "repo": "ai.robots.txt",
        "type": "github"
      }
    },
    "root": {
      "inputs": {
        "ai-robots-txt": "ai-robots-txt"
      }
    }
  },
  "root": "root",
  "version": 7
}
